
Microsoft Visual Studio Solution File, Format Version 12.00
# Visual Studio Version 16
VisualStudioVersion = 16.0.30204.135
MinimumVisualStudioVersion = 10.0.40219.1
Project("{FAE04EC0-301F-11D3-BF4B-00C04F79EFBC}") = "Calculator_HGK", "Calculator_HGK\Calculator_HGK.csproj", "{AEBF4A8C-57D8-4F82-89CC-89B0757DC45B}"
EndProject
Global
	GlobalSection(SolutionConfigurationPlatforms) = preSolution
		Debug|Any CPU = Debug|Any CPU
		Release|Any CPU = Release|Any CPU
	EndGlobalSection
	GlobalSection(ProjectConfigurationPlatforms) = postSolution
		{AEBF4A8C-57D8-4F82-89CC-89B0757DC45B}.Debug|Any CPU.ActiveCfg = Debug|Any CPU
		{AEBF4A8C-57D8-4F82-89CC-89B0757DC45B}.Debug|Any CPU.Build.0 = Debug|Any CPU
		{AEBF4A8C-57D8-4F82-89CC-89B0757DC45B}.Release|Any CPU.ActiveCfg = Release|Any CPU
		{AEBF4A8C-57D8-4F82-89CC-89B0757DC45B}.Release|Any CPU.Build.0 = Release|Any CPU
	EndGlobalSection
	GlobalSection(SolutionProperties) = preSolution
		HideSolutionNode = FALSE
	EndGlobalSection
	GlobalSection(ExtensibilityGlobals) = postSolution
		SolutionGuid = {83749CB1-0289-477F-B9E0-798CB3682964}
	EndGlobalSection
EndGlobal
