
Microsoft Visual Studio Solution File, Format Version 12.00
# Visual Studio Version 16
VisualStudioVersion = 16.0.30204.135
MinimumVisualStudioVersion = 10.0.40219.1
Project("{FAE04EC0-301F-11D3-BF4B-00C04F79EFBC}") = "Movie_Search_API_HGK", "Movie_Search_API_HGK\Movie_Search_API_HGK.csproj", "{91A66C1A-1A6E-4DEA-B2F4-82821BB134DA}"
EndProject
Global
	GlobalSection(SolutionConfigurationPlatforms) = preSolution
		Debug|Any CPU = Debug|Any CPU
		Release|Any CPU = Release|Any CPU
	EndGlobalSection
	GlobalSection(ProjectConfigurationPlatforms) = postSolution
		{91A66C1A-1A6E-4DEA-B2F4-82821BB134DA}.Debug|Any CPU.ActiveCfg = Debug|Any CPU
		{91A66C1A-1A6E-4DEA-B2F4-82821BB134DA}.Debug|Any CPU.Build.0 = Debug|Any CPU
		{91A66C1A-1A6E-4DEA-B2F4-82821BB134DA}.Release|Any CPU.ActiveCfg = Release|Any CPU
		{91A66C1A-1A6E-4DEA-B2F4-82821BB134DA}.Release|Any CPU.Build.0 = Release|Any CPU
	EndGlobalSection
	GlobalSection(SolutionProperties) = preSolution
		HideSolutionNode = FALSE
	EndGlobalSection
	GlobalSection(ExtensibilityGlobals) = postSolution
		SolutionGuid = {4C036830-7398-49C8-8EA6-03CF5CA5C674}
	EndGlobalSection
EndGlobal
