
Microsoft Visual Studio Solution File, Format Version 12.00
# Visual Studio Version 16
VisualStudioVersion = 16.0.30204.135
MinimumVisualStudioVersion = 10.0.40219.1
Project("{FAE04EC0-301F-11D3-BF4B-00C04F79EFBC}") = "MVC_Car", "MVC_Car\MVC_Car.csproj", "{45D3431C-E4F7-459F-91F7-6CE9031FBAB7}"
EndProject
Global
	GlobalSection(SolutionConfigurationPlatforms) = preSolution
		Debug|Any CPU = Debug|Any CPU
		Release|Any CPU = Release|Any CPU
	EndGlobalSection
	GlobalSection(ProjectConfigurationPlatforms) = postSolution
		{45D3431C-E4F7-459F-91F7-6CE9031FBAB7}.Debug|Any CPU.ActiveCfg = Debug|Any CPU
		{45D3431C-E4F7-459F-91F7-6CE9031FBAB7}.Debug|Any CPU.Build.0 = Debug|Any CPU
		{45D3431C-E4F7-459F-91F7-6CE9031FBAB7}.Release|Any CPU.ActiveCfg = Release|Any CPU
		{45D3431C-E4F7-459F-91F7-6CE9031FBAB7}.Release|Any CPU.Build.0 = Release|Any CPU
	EndGlobalSection
	GlobalSection(SolutionProperties) = preSolution
		HideSolutionNode = FALSE
	EndGlobalSection
	GlobalSection(ExtensibilityGlobals) = postSolution
		SolutionGuid = {6C4A23A4-B6D5-4C9C-8522-0A644EBAC446}
	EndGlobalSection
EndGlobal
