
Microsoft Visual Studio Solution File, Format Version 12.00
# Visual Studio Version 16
VisualStudioVersion = 16.0.30204.135
MinimumVisualStudioVersion = 10.0.40219.1
Project("{FAE04EC0-301F-11D3-BF4B-00C04F79EFBC}") = "Car_Model_Form", "Car_Model_Form\Car_Model_Form.csproj", "{FC39C2E7-00BB-49EC-9D5A-A6B542E90E21}"
EndProject
Global
	GlobalSection(SolutionConfigurationPlatforms) = preSolution
		Debug|Any CPU = Debug|Any CPU
		Release|Any CPU = Release|Any CPU
	EndGlobalSection
	GlobalSection(ProjectConfigurationPlatforms) = postSolution
		{FC39C2E7-00BB-49EC-9D5A-A6B542E90E21}.Debug|Any CPU.ActiveCfg = Debug|Any CPU
		{FC39C2E7-00BB-49EC-9D5A-A6B542E90E21}.Debug|Any CPU.Build.0 = Debug|Any CPU
		{FC39C2E7-00BB-49EC-9D5A-A6B542E90E21}.Release|Any CPU.ActiveCfg = Release|Any CPU
		{FC39C2E7-00BB-49EC-9D5A-A6B542E90E21}.Release|Any CPU.Build.0 = Release|Any CPU
	EndGlobalSection
	GlobalSection(SolutionProperties) = preSolution
		HideSolutionNode = FALSE
	EndGlobalSection
	GlobalSection(ExtensibilityGlobals) = postSolution
		SolutionGuid = {4419E6E4-DC45-4CAE-8B53-FE362D169F99}
	EndGlobalSection
EndGlobal
