
Microsoft Visual Studio Solution File, Format Version 12.00
# Visual Studio Version 16
VisualStudioVersion = 16.0.30204.135
MinimumVisualStudioVersion = 10.0.40219.1
Project("{FAE04EC0-301F-11D3-BF4B-00C04F79EFBC}") = "Form_ET_dathang_HGK", "Form_ET_dathang_HGK\Form_ET_dathang_HGK.csproj", "{DD4BD742-B88B-4DF5-BD52-6048CD831F54}"
EndProject
Global
	GlobalSection(SolutionConfigurationPlatforms) = preSolution
		Debug|Any CPU = Debug|Any CPU
		Release|Any CPU = Release|Any CPU
	EndGlobalSection
	GlobalSection(ProjectConfigurationPlatforms) = postSolution
		{DD4BD742-B88B-4DF5-BD52-6048CD831F54}.Debug|Any CPU.ActiveCfg = Debug|Any CPU
		{DD4BD742-B88B-4DF5-BD52-6048CD831F54}.Debug|Any CPU.Build.0 = Debug|Any CPU
		{DD4BD742-B88B-4DF5-BD52-6048CD831F54}.Release|Any CPU.ActiveCfg = Release|Any CPU
		{DD4BD742-B88B-4DF5-BD52-6048CD831F54}.Release|Any CPU.Build.0 = Release|Any CPU
	EndGlobalSection
	GlobalSection(SolutionProperties) = preSolution
		HideSolutionNode = FALSE
	EndGlobalSection
	GlobalSection(ExtensibilityGlobals) = postSolution
		SolutionGuid = {982E775F-8C8D-4327-8FA8-CA19F6813DB8}
	EndGlobalSection
EndGlobal
