
Microsoft Visual Studio Solution File, Format Version 12.00
# Visual Studio Version 16
VisualStudioVersion = 16.0.30517.126
MinimumVisualStudioVersion = 10.0.40219.1
Project("{FAE04EC0-301F-11D3-BF4B-00C04F79EFBC}") = "Console_API_Oin_Product", "Console_API_Oin_Product\Console_API_Oin_Product.csproj", "{C9087500-1BA5-4000-8ACD-CE0051C22CE2}"
EndProject
Project("{FAE04EC0-301F-11D3-BF4B-00C04F79EFBC}") = "MVC_Pro_Owin_API", "MVC_Pro_Owin_API\MVC_Pro_Owin_API.csproj", "{3EDE93C4-9AD5-46CF-BB7A-FFA09FEE07A6}"
EndProject
Global
	GlobalSection(SolutionConfigurationPlatforms) = preSolution
		Debug|Any CPU = Debug|Any CPU
		Release|Any CPU = Release|Any CPU
	EndGlobalSection
	GlobalSection(ProjectConfigurationPlatforms) = postSolution
		{C9087500-1BA5-4000-8ACD-CE0051C22CE2}.Debug|Any CPU.ActiveCfg = Debug|Any CPU
		{C9087500-1BA5-4000-8ACD-CE0051C22CE2}.Debug|Any CPU.Build.0 = Debug|Any CPU
		{C9087500-1BA5-4000-8ACD-CE0051C22CE2}.Release|Any CPU.ActiveCfg = Release|Any CPU
		{C9087500-1BA5-4000-8ACD-CE0051C22CE2}.Release|Any CPU.Build.0 = Release|Any CPU
		{3EDE93C4-9AD5-46CF-BB7A-FFA09FEE07A6}.Debug|Any CPU.ActiveCfg = Debug|Any CPU
		{3EDE93C4-9AD5-46CF-BB7A-FFA09FEE07A6}.Debug|Any CPU.Build.0 = Debug|Any CPU
		{3EDE93C4-9AD5-46CF-BB7A-FFA09FEE07A6}.Release|Any CPU.ActiveCfg = Release|Any CPU
		{3EDE93C4-9AD5-46CF-BB7A-FFA09FEE07A6}.Release|Any CPU.Build.0 = Release|Any CPU
	EndGlobalSection
	GlobalSection(SolutionProperties) = preSolution
		HideSolutionNode = FALSE
	EndGlobalSection
	GlobalSection(ExtensibilityGlobals) = postSolution
		SolutionGuid = {ED444678-E31F-40CD-B678-9F7A1D0210BC}
	EndGlobalSection
EndGlobal
