
Microsoft Visual Studio Solution File, Format Version 12.00
# Visual Studio Version 16
VisualStudioVersion = 16.0.30204.135
MinimumVisualStudioVersion = 10.0.40219.1
Project("{FAE04EC0-301F-11D3-BF4B-00C04F79EFBC}") = "Fomr_Login_HGK", "Fomr_Login_HGK\Fomr_Login_HGK.csproj", "{689C6EAC-CDEF-4A54-89D2-CEC1EE96C632}"
EndProject
Global
	GlobalSection(SolutionConfigurationPlatforms) = preSolution
		Debug|Any CPU = Debug|Any CPU
		Release|Any CPU = Release|Any CPU
	EndGlobalSection
	GlobalSection(ProjectConfigurationPlatforms) = postSolution
		{689C6EAC-CDEF-4A54-89D2-CEC1EE96C632}.Debug|Any CPU.ActiveCfg = Debug|Any CPU
		{689C6EAC-CDEF-4A54-89D2-CEC1EE96C632}.Debug|Any CPU.Build.0 = Debug|Any CPU
		{689C6EAC-CDEF-4A54-89D2-CEC1EE96C632}.Release|Any CPU.ActiveCfg = Release|Any CPU
		{689C6EAC-CDEF-4A54-89D2-CEC1EE96C632}.Release|Any CPU.Build.0 = Release|Any CPU
	EndGlobalSection
	GlobalSection(SolutionProperties) = preSolution
		HideSolutionNode = FALSE
	EndGlobalSection
	GlobalSection(ExtensibilityGlobals) = postSolution
		SolutionGuid = {39E5BD46-569A-49B1-9A2C-93C9423EC9F5}
	EndGlobalSection
EndGlobal
