
Microsoft Visual Studio Solution File, Format Version 12.00
# Visual Studio Version 16
VisualStudioVersion = 16.0.30204.135
MinimumVisualStudioVersion = 10.0.40219.1
Project("{FAE04EC0-301F-11D3-BF4B-00C04F79EFBC}") = "Game_Tic_Tac_Toe", "Game_Tic_Tac_Toe\Game_Tic_Tac_Toe.csproj", "{EB6AC139-D7F6-4E05-9ABC-ADA77652982A}"
EndProject
Global
	GlobalSection(SolutionConfigurationPlatforms) = preSolution
		Debug|Any CPU = Debug|Any CPU
		Release|Any CPU = Release|Any CPU
	EndGlobalSection
	GlobalSection(ProjectConfigurationPlatforms) = postSolution
		{EB6AC139-D7F6-4E05-9ABC-ADA77652982A}.Debug|Any CPU.ActiveCfg = Debug|Any CPU
		{EB6AC139-D7F6-4E05-9ABC-ADA77652982A}.Debug|Any CPU.Build.0 = Debug|Any CPU
		{EB6AC139-D7F6-4E05-9ABC-ADA77652982A}.Release|Any CPU.ActiveCfg = Release|Any CPU
		{EB6AC139-D7F6-4E05-9ABC-ADA77652982A}.Release|Any CPU.Build.0 = Release|Any CPU
	EndGlobalSection
	GlobalSection(SolutionProperties) = preSolution
		HideSolutionNode = FALSE
	EndGlobalSection
	GlobalSection(ExtensibilityGlobals) = postSolution
		SolutionGuid = {3E5CBD3A-3DC0-42A8-8CBB-A5745E21B5A7}
	EndGlobalSection
EndGlobal
